
Microsoft Visual Studio Solution File, Format Version 12.00
# Visual Studio 2012
Project("{2150E333-8FDC-42A3-9474-1A3956D46DE8}") = "Solution Items", "Solution Items", "{06C590ED-584F-48EF-BB66-2E7A45A8CE5F}"
	ProjectSection(SolutionItems) = preProject
		index.html = index.html
	EndProjectSection
EndProject
Project("{2150E333-8FDC-42A3-9474-1A3956D46DE8}") = "scripts", "scripts", "{83533AAA-743F-435B-8DAC-3D2F58A4C63D}"
	ProjectSection(SolutionItems) = preProject
		scripts\appcatalog.js = scripts\appcatalog.js
	EndProjectSection
EndProject
Project("{2150E333-8FDC-42A3-9474-1A3956D46DE8}") = "style", "style", "{B5B428D6-1876-405D-A0EB-7D668D138AE9}"
	ProjectSection(SolutionItems) = preProject
		style\appcatalog.css = style\appcatalog.css
	EndProjectSection
EndProject
Global
	GlobalSection(SolutionProperties) = preSolution
		HideSolutionNode = FALSE
	EndGlobalSection
	GlobalSection(NestedProjects) = preSolution
		{83533AAA-743F-435B-8DAC-3D2F58A4C63D} = {06C590ED-584F-48EF-BB66-2E7A45A8CE5F}
		{B5B428D6-1876-405D-A0EB-7D668D138AE9} = {06C590ED-584F-48EF-BB66-2E7A45A8CE5F}
	EndGlobalSection
EndGlobal
